// !$*UTF8*$!
{
	archiveVersion = 1;
	classes = {
	};
	objectVersion = 46;
	objects = {

/* Begin PBXBuildFile section */
		941BAD041AEDB4CA00A2D124 /* main.m in Sources */ = {isa = PBXBuildFile; fileRef = 941BAD031AEDB4CA00A2D124 /* main.m */; };
		941BAD071AEDB4CA00A2D124 /* AppDelegate.m in Sources */ = {isa = PBXBuildFile; fileRef = 941BAD061AEDB4CA00A2D124 /* AppDelegate.m */; };
		941BAD0A1AEDB4CA00A2D124 /* ViewController.m in Sources */ = {isa = PBXBuildFile; fileRef = 941BAD091AEDB4CA00A2D124 /* ViewController.m */; };
		941BAD0D1AEDB4CA00A2D124 /* Main.storyboard in Resources */ = {isa = PBXBuildFile; fileRef = 941BAD0B1AEDB4CA00A2D124 /* Main.storyboard */; };
		941BAD0F1AEDB4CA00A2D124 /* Images.xcassets in Resources */ = {isa = PBXBuildFile; fileRef = 941BAD0E1AEDB4CA00A2D124 /* Images.xcassets */; };
		941BAD121AEDB4CA00A2D124 /* LaunchScreen.xib in Resources */ = {isa = PBXBuildFile; fileRef = 941BAD101AEDB4CA00A2D124 /* LaunchScreen.xib */; };
		941BAD1E1AEDB4CA00A2D124 /* noFilterTests.m in Sources */ = {isa = PBXBuildFile; fileRef = 941BAD1D1AEDB4CA00A2D124 /* noFilterTests.m */; };
/* End PBXBuildFile section */

/* Begin PBXContainerItemProxy section */
		941BAD181AEDB4CA00A2D124 /* PBXContainerItemProxy */ = {
			isa = PBXContainerItemProxy;
			containerPortal = 941BACF61AEDB4CA00A2D124 /* Project object */;
			proxyType = 1;
			remoteGlobalIDString = 941BACFD1AEDB4CA00A2D124;
			remoteInfo = noFilter;
		};
/* End PBXContainerItemProxy section */

/* Begin PBXFileReference section */
		941BACFE1AEDB4CA00A2D124 /* noFilter.app */ = {isa = PBXFileReference; explicitFileType = wrapper.application; includeInIndex = 0; path = noFilter.app; sourceTree = BUILT_PRODUCTS_DIR; };
		941BAD021AEDB4CA00A2D124 /* Info.plist */ = {isa = PBXFileReference; lastKnownFileType = text.plist.xml; path = Info.plist; sourceTree = "<group>"; };
		941BAD031AEDB4CA00A2D124 /* main.m */ = {isa = PBXFileReference; lastKnownFileType = sourcecode.c.objc; path = main.m; sourceTree = "<group>"; };
		941BAD051AEDB4CA00A2D124 /* AppDelegate.h */ = {isa = PBXFileReference; lastKnownFileType = sourcecode.c.h; path = AppDelegate.h; sourceTree = "<group>"; };
		941BAD061AEDB4CA00A2D124 /* AppDelegate.m */ = {isa = PBXFileReference; lastKnownFileType = sourcecode.c.objc; path = AppDelegate.m; sourceTree = "<group>"; };
		941BAD081AEDB4CA00A2D124 /* ViewController.h */ = {isa = PBXFileReference; lastKnownFileType = sourcecode.c.h; path = ViewController.h; sourceTree = "<group>"; };
		941BAD091AEDB4CA00A2D124 /* ViewController.m */ = {isa = PBXFileReference; lastKnownFileType = sourcecode.c.objc; path = ViewController.m; sourceTree = "<group>"; };
		941BAD0C1AEDB4CA00A2D124 /* Base */ = {isa = PBXFileReference; lastKnownFileType = file.storyboard; name = Base; path = Base.lproj/Main.storyboard; sourceTree = "<group>"; };
		941BAD0E1AEDB4CA00A2D124 /* Images.xcassets */ = {isa = PBXFileReference; lastKnownFileType = folder.assetcatalog; path = Images.xcassets; sourceTree = "<group>"; };
		941BAD111AEDB4CA00A2D124 /* Base */ = {isa = PBXFileReference; lastKnownFileType = file.xib; name = Base; path = Base.lproj/LaunchScreen.xib; sourceTree = "<group>"; };
		941BAD171AEDB4CA00A2D124 /* noFilterTests.xctest */ = {isa = PBXFileReference; explicitFileType = wrapper.cfbundle; includeInIndex = 0; path = noFilterTests.xctest; sourceTree = BUILT_PRODUCTS_DIR; };
		941BAD1C1AEDB4CA00A2D124 /* Info.plist */ = {isa = PBXFileReference; lastKnownFileType = text.plist.xml; path = Info.plist; sourceTree = "<group>"; };
		941BAD1D1AEDB4CA00A2D124 /* noFilterTests.m */ = {isa = PBXFileReference; lastKnownFileType = sourcecode.c.objc; path = noFilterTests.m; sourceTree = "<group>"; };
/* End PBXFileReference section */

/* Begin PBXFrameworksBuildPhase section */
		941BACFB1AEDB4CA00A2D124 /* Frameworks */ = {
			isa = PBXFrameworksBuildPhase;
			buildActionMask = 2147483647;
			files = (
			);
			runOnlyForDeploymentPostprocessing = 0;
		};
		941BAD141AEDB4CA00A2D124 /* Frameworks */ = {
			isa = PBXFrameworksBuildPhase;
			buildActionMask = 2147483647;
			files = (
			);
			runOnlyForDeploymentPostprocessing = 0;
		};
/* End PBXFrameworksBuildPhase section */

/* Begin PBXGroup section */
		941BACF51AEDB4CA00A2D124 = {
			isa = PBXGroup;
			children = (
				941BAD001AEDB4CA00A2D124 /* noFilter */,
				941BAD1A1AEDB4CA00A2D124 /* noFilterTests */,
				941BACFF1AEDB4CA00A2D124 /* Products */,
			);
			sourceTree = "<group>";
		};
		941BACFF1AEDB4CA00A2D124 /* Products */ = {
			isa = PBXGroup;
			children = (
				941BACFE1AEDB4CA00A2D124 /* noFilter.app */,
				941BAD171AEDB4CA00A2D124 /* noFilterTests.xctest */,
			);
			name = Products;
			sourceTree = "<group>";
		};
		941BAD001AEDB4CA00A2D124 /* noFilter */ = {
			isa = PBXGroup;
			children = (
				941BAD051AEDB4CA00A2D124 /* AppDelegate.h */,
				941BAD061AEDB4CA00A2D124 /* AppDelegate.m */,
				941BAD081AEDB4CA00A2D124 /* ViewController.h */,
				941BAD091AEDB4CA00A2D124 /* ViewController.m */,
				941BAD0B1AEDB4CA00A2D124 /* Main.storyboard */,
				941BAD0E1AEDB4CA00A2D124 /* Images.xcassets */,
				941BAD101AEDB4CA00A2D124 /* LaunchScreen.xib */,
				941BAD011AEDB4CA00A2D124 /* Supporting Files */,
			);
			path = noFilter;
			sourceTree = "<group>";
		};
		941BAD011AEDB4CA00A2D124 /* Supporting Files */ = {
			isa = PBXGroup;
			children = (
				941BAD021AEDB4CA00A2D124 /* Info.plist */,
				941BAD031AEDB4CA00A2D124 /* main.m */,
			);
			name = "Supporting Files";
			sourceTree = "<group>";
		};
		941BAD1A1AEDB4CA00A2D124 /* noFilterTests */ = {
			isa = PBXGroup;
			children = (
				941BAD1D1AEDB4CA00A2D124 /* noFilterTests.m */,
				941BAD1B1AEDB4CA00A2D124 /* Supporting Files */,
			);
			path = noFilterTests;
			sourceTree = "<group>";
		};
		941BAD1B1AEDB4CA00A2D124 /* Supporting Files */ = {
			isa = PBXGroup;
			children = (
				941BAD1C1AEDB4CA00A2D124 /* Info.plist */,
			);
			name = "Supporting Files";
			sourceTree = "<group>";
		};
/* End PBXGroup section */

/* Begin PBXNativeTarget section */
		941BACFD1AEDB4CA00A2D124 /* noFilter */ = {
			isa = PBXNativeTarget;
			buildConfigurationList = 941BAD211AEDB4CA00A2D124 /* Build configuration list for PBXNativeTarget "noFilter" */;
			buildPhases = (
				941BACFA1AEDB4CA00A2D124 /* Sources */,
				941BACFB1AEDB4CA00A2D124 /* Frameworks */,
				941BACFC1AEDB4CA00A2D124 /* Resources */,
			);
			buildRules = (
			);
			dependencies = (
			);
			name = noFilter;
			productName = noFilter;
			productReference = 941BACFE1AEDB4CA00A2D124 /* noFilter.app */;
			productType = "com.apple.product-type.application";
		};
		941BAD161AEDB4CA00A2D124 /* noFilterTests */ = {
			isa = PBXNativeTarget;
			buildConfigurationList = 941BAD241AEDB4CA00A2D124 /* Build configuration list for PBXNativeTarget "noFilterTests" */;
			buildPhases = (
				941BAD131AEDB4CA00A2D124 /* Sources */,
				941BAD141AEDB4CA00A2D124 /* Frameworks */,
				941BAD151AEDB4CA00A2D124 /* Resources */,
			);
			buildRules = (
			);
			dependencies = (
				941BAD191AEDB4CA00A2D124 /* PBXTargetDependency */,
			);
			name = noFilterTests;
			productName = noFilterTests;
			productReference = 941BAD171AEDB4CA00A2D124 /* noFilterTests.xctest */;
			productType = "com.apple.product-type.bundle.unit-test";
		};
/* End PBXNativeTarget section */

/* Begin PBXProject section */
		941BACF61AEDB4CA00A2D124 /* Project object */ = {
			isa = PBXProject;
			attributes = {
				LastUpgradeCheck = 0630;
				ORGANIZATIONNAME = team17;
				TargetAttributes = {
					941BACFD1AEDB4CA00A2D124 = {
						CreatedOnToolsVersion = 6.3;
					};
					941BAD161AEDB4CA00A2D124 = {
						CreatedOnToolsVersion = 6.3;
						TestTargetID = 941BACFD1AEDB4CA00A2D124;
					};
				};
			};
			buildConfigurationList = 941BACF91AEDB4CA00A2D124 /* Build configuration list for PBXProject "noFilter" */;
			compatibilityVersion = "Xcode 3.2";
			developmentRegion = English;
			hasScannedForEncodings = 0;
			knownRegions = (
				en,
				Base,
			);
			mainGroup = 941BACF51AEDB4CA00A2D124;
			productRefGroup = 941BACFF1AEDB4CA00A2D124 /* Products */;
			projectDirPath = "";
			projectRoot = "";
			targets = (
				941BACFD1AEDB4CA00A2D124 /* noFilter */,
				941BAD161AEDB4CA00A2D124 /* noFilterTests */,
			);
		};
/* End PBXProject section */

/* Begin PBXResourcesBuildPhase section */
		941BACFC1AEDB4CA00A2D124 /* Resources */ = {
			isa = PBXResourcesBuildPhase;
			buildActionMask = 2147483647;
			files = (
				941BAD0D1AEDB4CA00A2D124 /* Main.storyboard in Resources */,
				941BAD121AEDB4CA00A2D124 /* LaunchScreen.xib in Resources */,
				941BAD0F1AEDB4CA00A2D124 /* Images.xcassets in Resources */,
			);
			runOnlyForDeploymentPostprocessing = 0;
		};
		941BAD151AEDB4CA00A2D124 /* Resources */ = {
			isa = PBXResourcesBuildPhase;
			buildActionMask = 2147483647;
			files = (
			);
			runOnlyForDeploymentPostprocessing = 0;
		};
/* End PBXResourcesBuildPhase section */

/* Begin PBXSourcesBuildPhase section */
		941BACFA1AEDB4CA00A2D124 /* Sources */ = {
			isa = PBXSourcesBuildPhase;
			buildActionMask = 2147483647;
			files = (
				941BAD0A1AEDB4CA00A2D124 /* ViewController.m in Sources */,
				941BAD071AEDB4CA00A2D124 /* AppDelegate.m in Sources */,
				941BAD041AEDB4CA00A2D124 /* main.m in Sources */,
			);
			runOnlyForDeploymentPostprocessing = 0;
		};
		941BAD131AEDB4CA00A2D124 /* Sources */ = {
			isa = PBXSourcesBuildPhase;
			buildActionMask = 2147483647;
			files = (
				941BAD1E1AEDB4CA00A2D124 /* noFilterTests.m in Sources */,
			);
			runOnlyForDeploymentPostprocessing = 0;
		};
/* End PBXSourcesBuildPhase section */

/* Begin PBXTargetDependency section */
		941BAD191AEDB4CA00A2D124 /* PBXTargetDependency */ = {
			isa = PBXTargetDependency;
			target = 941BACFD1AEDB4CA00A2D124 /* noFilter */;
			targetProxy = 941BAD181AEDB4CA00A2D124 /* PBXContainerItemProxy */;
		};
/* End PBXTargetDependency section */

/* Begin PBXVariantGroup section */
		941BAD0B1AEDB4CA00A2D124 /* Main.storyboard */ = {
			isa = PBXVariantGroup;
			children = (
				941BAD0C1AEDB4CA00A2D124 /* Base */,
			);
			name = Main.storyboard;
			sourceTree = "<group>";
		};
		941BAD101AEDB4CA00A2D124 /* LaunchScreen.xib */ = {
			isa = PBXVariantGroup;
			children = (
				941BAD111AEDB4CA00A2D124 /* Base */,
			);
			name = LaunchScreen.xib;
			sourceTree = "<group>";
		};
/* End PBXVariantGroup section */

/* Begin XCBuildConfiguration section */
		941BAD1F1AEDB4CA00A2D124 /* Debug */ = {
			isa = XCBuildConfiguration;
			buildSettings = {
				ALWAYS_SEARCH_USER_PATHS = NO;
				CLANG_CXX_LANGUAGE_STANDARD = "gnu++0x";
				CLANG_CXX_LIBRARY = "libc++";
				CLANG_ENABLE_MODULES = YES;
				CLANG_ENABLE_OBJC_ARC = YES;
				CLANG_WARN_BOOL_CONVERSION = YES;
				CLANG_WARN_CONSTANT_CONVERSION = YES;
				CLANG_WARN_DIRECT_OBJC_ISA_USAGE = YES_ERROR;
				CLANG_WARN_EMPTY_BODY = YES;
				CLANG_WARN_ENUM_CONVERSION = YES;
				CLANG_WARN_INT_CONVERSION = YES;
				CLANG_WARN_OBJC_ROOT_CLASS = YES_ERROR;
				CLANG_WARN_UNREACHABLE_CODE = YES;
				CLANG_WARN__DUPLICATE_METHOD_MATCH = YES;
				"CODE_SIGN_IDENTITY[sdk=iphoneos*]" = "iPhone Developer";
				COPY_PHASE_STRIP = NO;
				DEBUG_INFORMATION_FORMAT = "dwarf-with-dsym";
				ENABLE_STRICT_OBJC_MSGSEND = YES;
				GCC_C_LANGUAGE_STANDARD = gnu99;
				GCC_DYNAMIC_NO_PIC = NO;
				GCC_NO_COMMON_BLOCKS = YES;
				GCC_OPTIMIZATION_LEVEL = 0;
				GCC_PREPROCESSOR_DEFINITIONS = (
					"DEBUG=1",
					"$(inherited)",
				);
				GCC_SYMBOLS_PRIVATE_EXTERN = NO;
				GCC_WARN_64_TO_32_BIT_CONVERSION = YES;
				GCC_WARN_ABOUT_RETURN_TYPE = YES_ERROR;
				GCC_WARN_UNDECLARED_SELECTOR = YES;
				GCC_WARN_UNINITIALIZED_AUTOS = YES_AGGRESSIVE;
				GCC_WARN_UNUSED_FUNCTION = YES;
				GCC_WARN_UNUSED_VARIABLE = YES;
				IPHONEOS_DEPLOYMENT_TARGET = 8.3;
				MTL_ENABLE_DEBUG_INFO = YES;
				ONLY_ACTIVE_ARCH = YES;
				SDKROOT = iphoneos;
			};
			name = Debug;
		};
		941BAD201AEDB4CA00A2D124 /* Release */ = {
			isa = XCBuildConfiguration;
			buildSettings = {
				ALWAYS_SEARCH_USER_PATHS = NO;
				CLANG_CXX_LANGUAGE_STANDARD = "gnu++0x";
				CLANG_CXX_LIBRARY = "libc++";
				CLANG_ENABLE_MODULES = YES;
				CLANG_ENABLE_OBJC_ARC = YES;
				CLANG_WARN_BOOL_CONVERSION = YES;
				CLANG_WARN_CONSTANT_CONVERSION = YES;
				CLANG_WARN_DIRECT_OBJC_ISA_USAGE = YES_ERROR;
				CLANG_WARN_EMPTY_BODY = YES;
				CLANG_WARN_ENUM_CONVERSION = YES;
				CLANG_WARN_INT_CONVERSION = YES;
				CLANG_WARN_OBJC_ROOT_CLASS = YES_ERROR;
				CLANG_WARN_UNREACHABLE_CODE = YES;
				CLANG_WARN__DUPLICATE_METHOD_MATCH = YES;
				"CODE_SIGN_IDENTITY[sdk=iphoneos*]" = "iPhone Developer";
				COPY_PHASE_STRIP = NO;
				DEBUG_INFORMATION_FORMAT = "dwarf-with-dsym";
				ENABLE_NS_ASSERTIONS = NO;
				ENABLE_STRICT_OBJC_MSGSEND = YES;
				GCC_C_LANGUAGE_STANDARD = gnu99;
				GCC_NO_COMMON_BLOCKS = YES;
				GCC_WARN_64_TO_32_BIT_CONVERSION = YES;
				GCC_WARN_ABOUT_RETURN_TYPE = YES_ERROR;
				GCC_WARN_UNDECLARED_SELECTOR = YES;
				GCC_WARN_UNINITIALIZED_AUTOS = YES_AGGRESSIVE;
				GCC_WARN_UNUSED_FUNCTION = YES;
				GCC_WARN_UNUSED_VARIABLE = YES;
				IPHONEOS_DEPLOYMENT_TARGET = 8.3;
				MTL_ENABLE_DEBUG_INFO = NO;
				SDKROOT = iphoneos;
				VALIDATE_PRODUCT = YES;
			};
			name = Release;
		};
		941BAD221AEDB4CA00A2D124 /* Debug */ = {
			isa = XCBuildConfiguration;
			buildSettings = {
				ASSETCATALOG_COMPILER_APPICON_NAME = AppIcon;
				INFOPLIST_FILE = noFilter/Info.plist;
				LD_RUNPATH_SEARCH_PATHS = "$(inherited) @executable_path/Frameworks";
				PRODUCT_NAME = "$(TARGET_NAME)";
			};
			name = Debug;
		};
		941BAD231AEDB4CA00A2D124 /* Release */ = {
			isa = XCBuildConfiguration;
			buildSettings = {
				ASSETCATALOG_COMPILER_APPICON_NAME = AppIcon;
				INFOPLIST_FILE = noFilter/Info.plist;
				LD_RUNPATH_SEARCH_PATHS = "$(inherited) @executable_path/Frameworks";
				PRODUCT_NAME = "$(TARGET_NAME)";
			};
			name = Release;
		};
		941BAD251AEDB4CA00A2D124 /* Debug */ = {
			isa = XCBuildConfiguration;
			buildSettings = {
				BUNDLE_LOADER = "$(TEST_HOST)";
				FRAMEWORK_SEARCH_PATHS = (
					"$(SDKROOT)/Developer/Library/Frameworks",
					"$(inherited)",
				);
				GCC_PREPROCESSOR_DEFINITIONS = (
					"DEBUG=1",
					"$(inherited)",
				);
				INFOPLIST_FILE = noFilterTests/Info.plist;
				LD_RUNPATH_SEARCH_PATHS = "$(inherited) @executable_path/Frameworks @loader_path/Frameworks";
				PRODUCT_NAME = "$(TARGET_NAME)";
				TEST_HOST = "$(BUILT_PRODUCTS_DIR)/noFilter.app/noFilter";
			};
			name = Debug;
		};
		941BAD261AEDB4CA00A2D124 /* Release */ = {
			isa = XCBuildConfiguration;
			buildSettings = {
				BUNDLE_LOADER = "$(TEST_HOST)";
				FRAMEWORK_SEARCH_PATHS = (
					"$(SDKROOT)/Developer/Library/Frameworks",
					"$(inherited)",
				);
				INFOPLIST_FILE = noFilterTests/Info.plist;
				LD_RUNPATH_SEARCH_PATHS = "$(inherited) @executable_path/Frameworks @loader_path/Frameworks";
				PRODUCT_NAME = "$(TARGET_NAME)";
				TEST_HOST = "$(BUILT_PRODUCTS_DIR)/noFilter.app/noFilter";
			};
			name = Release;
		};
/* End XCBuildConfiguration section */

/* Begin XCConfigurationList section */
		941BACF91AEDB4CA00A2D124 /* Build configuration list for PBXProject "noFilter" */ = {
			isa = XCConfigurationList;
			buildConfigurations = (
				941BAD1F1AEDB4CA00A2D124 /* Debug */,
				941BAD201AEDB4CA00A2D124 /* Release */,
			);
			defaultConfigurationIsVisible = 0;
			defaultConfigurationName = Release;
		};
		941BAD211AEDB4CA00A2D124 /* Build configuration list for PBXNativeTarget "noFilter" */ = {
			isa = XCConfigurationList;
			buildConfigurations = (
				941BAD221AEDB4CA00A2D124 /* Debug */,
				941BAD231AEDB4CA00A2D124 /* Release */,
			);
			defaultConfigurationIsVisible = 0;
		};
		941BAD241AEDB4CA00A2D124 /* Build configuration list for PBXNativeTarget "noFilterTests" */ = {
			isa = XCConfigurationList;
			buildConfigurations = (
				941BAD251AEDB4CA00A2D124 /* Debug */,
				941BAD261AEDB4CA00A2D124 /* Release */,
			);
			defaultConfigurationIsVisible = 0;
		};
/* End XCConfigurationList section */
	};
	rootObject = 941BACF61AEDB4CA00A2D124 /* Project object */;
}
